{
  "name": "chip-journal-postgres-runtime",
  "version": "1.0.0",
  "lockfileVersion": 3,
  "requires": true,
  "packages": {
    "": {
      "name": "chip-journal-postgres-runtime",
      "version": "1.0.0",
      "optionalDependencies": {
        "@embedded-postgres/linux-x64": "17.10.0-beta.17"
      }
    },
    "node_modules/@embedded-postgres/linux-x64": {
      "version": "17.10.0-beta.17",
      "resolved": "https://registry.npmjs.org/@embedded-postgres/linux-x64/-/linux-x64-17.10.0-beta.17.tgz",
      "integrity": "sha512-hU4Sgna19ixDP/l3P/zkHhQ9B0JDV39qA97RNz55QcngeRjFC5/1G36LZjODVJ84kVJHUTQMmly7nzWO8js8kg==",
      "cpu": [
        "x64"
      ],
      "hasInstallScript": true,
      "license": "MIT",
      "optional": true,
      "os": [
        "linux"
      ],
      "engines": {
        "node": ">=16"
      }
    }
  }
}
